
Microsoft Visual Studio Solution File, Format Version 12.00
# Visual Studio Version 17
VisualStudioVersion = 17.14.36511.14
MinimumVisualStudioVersion = 10.0.40219.1
Project("{FAE04EC0-301F-11D3-BF4B-00C04F79EFBC}") = "RepairIS", "RepairIS\RepairIS.csproj", "{8B461DD5-D2D2-4DAF-B35B-3C9EFEAEADD1}"
EndProject
Project("{FAE04EC0-301F-11D3-BF4B-00C04F79EFBC}") = "RepairIS.Tests", "RepairIS.Tests\RepairIS.Tests.csproj", "{6D2308FF-FBA3-494E-98E5-47892C06E647}"
EndProject
Global
	GlobalSection(SolutionConfigurationPlatforms) = preSolution
		Debug|Any CPU = Debug|Any CPU
		Release|Any CPU = Release|Any CPU
	EndGlobalSection
	GlobalSection(ProjectConfigurationPlatforms) = postSolution
		{8B461DD5-D2D2-4DAF-B35B-3C9EFEAEADD1}.Debug|Any CPU.ActiveCfg = Debug|Any CPU
		{8B461DD5-D2D2-4DAF-B35B-3C9EFEAEADD1}.Debug|Any CPU.Build.0 = Debug|Any CPU
		{8B461DD5-D2D2-4DAF-B35B-3C9EFEAEADD1}.Release|Any CPU.ActiveCfg = Release|Any CPU
		{8B461DD5-D2D2-4DAF-B35B-3C9EFEAEADD1}.Release|Any CPU.Build.0 = Release|Any CPU
		{6D2308FF-FBA3-494E-98E5-47892C06E647}.Debug|Any CPU.ActiveCfg = Debug|Any CPU
		{6D2308FF-FBA3-494E-98E5-47892C06E647}.Debug|Any CPU.Build.0 = Debug|Any CPU
		{6D2308FF-FBA3-494E-98E5-47892C06E647}.Release|Any CPU.ActiveCfg = Release|Any CPU
		{6D2308FF-FBA3-494E-98E5-47892C06E647}.Release|Any CPU.Build.0 = Release|Any CPU
	EndGlobalSection
	GlobalSection(SolutionProperties) = preSolution
		HideSolutionNode = FALSE
	EndGlobalSection
	GlobalSection(ExtensibilityGlobals) = postSolution
		SolutionGuid = {EDEADC5F-79FC-4D58-9ADE-7F548A667F51}
	EndGlobalSection
EndGlobal
